
Microsoft Visual Studio Solution File, Format Version 12.00
# Visual Studio Version 17
VisualStudioVersion = 17.14.36414.22 d17.14
MinimumVisualStudioVersion = 10.0.40219.1
Project("{FAE04EC0-301F-11D3-BF4B-00C04F79EFBC}") = "DevOpsAssignment1.1", "DevOpsAssignment1.1\DevOpsAssignment1.1.csproj", "{32C8D647-FE87-45B5-9B6E-AB10A45F57CA}"
EndProject
Global
	GlobalSection(SolutionConfigurationPlatforms) = preSolution
		Debug|Any CPU = Debug|Any CPU
		Release|Any CPU = Release|Any CPU
	EndGlobalSection
	GlobalSection(ProjectConfigurationPlatforms) = postSolution
		{32C8D647-FE87-45B5-9B6E-AB10A45F57CA}.Debug|Any CPU.ActiveCfg = Debug|Any CPU
		{32C8D647-FE87-45B5-9B6E-AB10A45F57CA}.Debug|Any CPU.Build.0 = Debug|Any CPU
		{32C8D647-FE87-45B5-9B6E-AB10A45F57CA}.Release|Any CPU.ActiveCfg = Release|Any CPU
		{32C8D647-FE87-45B5-9B6E-AB10A45F57CA}.Release|Any CPU.Build.0 = Release|Any CPU
	EndGlobalSection
	GlobalSection(SolutionProperties) = preSolution
		HideSolutionNode = FALSE
	EndGlobalSection
	GlobalSection(ExtensibilityGlobals) = postSolution
		SolutionGuid = {CFF27F67-11B3-44F7-962C-2183BF71E30A}
	EndGlobalSection
EndGlobal
